
Microsoft Visual Studio Solution File, Format Version 12.00
# Visual Studio Version 17
VisualStudioVersion = 17.0.31903.59
MinimumVisualStudioVersion = 10.0.40219.1
Project("{2150E333-8FDC-42A3-9474-1A3956D46DE8}") = "src", "src", "{E8737FE6-F46A-49C0-9293-359E411A2145}"
EndProject
Project("{FAE04EC0-301F-11D3-BF4B-00C04F79EFBC}") = "BeatForge.Core", "src\BeatForge.Core\BeatForge.Core.csproj", "{C14AE754-7144-46AC-AA59-813190018BB1}"
EndProject
Project("{2150E333-8FDC-42A3-9474-1A3956D46DE8}") = "tests", "tests", "{8781D441-974E-401D-A41F-79B7A14B6DA0}"
EndProject
Project("{FAE04EC0-301F-11D3-BF4B-00C04F79EFBC}") = "BeatForge.Core.Tests", "tests\BeatForge.Core.Tests\BeatForge.Core.Tests.csproj", "{058EDE0D-A203-452E-B836-CEC5EC58221E}"
EndProject
Project("{FAE04EC0-301F-11D3-BF4B-00C04F79EFBC}") = "BeatForge.Game", "BeatForge.Game.csproj", "{07990EEE-0A64-461B-80E2-121682671D1A}"
EndProject
Global
	GlobalSection(SolutionConfigurationPlatforms) = preSolution
		Debug|Any CPU = Debug|Any CPU
		Release|Any CPU = Release|Any CPU
	EndGlobalSection
	GlobalSection(SolutionProperties) = preSolution
		HideSolutionNode = FALSE
	EndGlobalSection
	GlobalSection(ProjectConfigurationPlatforms) = postSolution
		{C14AE754-7144-46AC-AA59-813190018BB1}.Debug|Any CPU.ActiveCfg = Debug|Any CPU
		{C14AE754-7144-46AC-AA59-813190018BB1}.Debug|Any CPU.Build.0 = Debug|Any CPU
		{C14AE754-7144-46AC-AA59-813190018BB1}.Release|Any CPU.ActiveCfg = Release|Any CPU
		{C14AE754-7144-46AC-AA59-813190018BB1}.Release|Any CPU.Build.0 = Release|Any CPU
		{058EDE0D-A203-452E-B836-CEC5EC58221E}.Debug|Any CPU.ActiveCfg = Debug|Any CPU
		{058EDE0D-A203-452E-B836-CEC5EC58221E}.Debug|Any CPU.Build.0 = Debug|Any CPU
		{058EDE0D-A203-452E-B836-CEC5EC58221E}.Release|Any CPU.ActiveCfg = Release|Any CPU
		{058EDE0D-A203-452E-B836-CEC5EC58221E}.Release|Any CPU.Build.0 = Release|Any CPU
		{07990EEE-0A64-461B-80E2-121682671D1A}.Debug|Any CPU.ActiveCfg = Debug|Any CPU
		{07990EEE-0A64-461B-80E2-121682671D1A}.Debug|Any CPU.Build.0 = Debug|Any CPU
		{07990EEE-0A64-461B-80E2-121682671D1A}.Release|Any CPU.ActiveCfg = Debug|Any CPU
		{07990EEE-0A64-461B-80E2-121682671D1A}.Release|Any CPU.Build.0 = Debug|Any CPU
	EndGlobalSection
	GlobalSection(NestedProjects) = preSolution
		{C14AE754-7144-46AC-AA59-813190018BB1} = {E8737FE6-F46A-49C0-9293-359E411A2145}
		{058EDE0D-A203-452E-B836-CEC5EC58221E} = {8781D441-974E-401D-A41F-79B7A14B6DA0}
	EndGlobalSection
EndGlobal
